
Microsoft Visual Studio Solution File, Format Version 12.00
# Visual Studio Version 16
VisualStudioVersion = 16.0.33027.164
MinimumVisualStudioVersion = 10.0.40219.1
Project("{FAE04EC0-301F-11D3-BF4B-00C04F79EFBC}") = "Task_41_FirstMissingPositive", "Task_41_FirstMissingPositive.csproj", "{A1EE8A6A-8880-4B09-ADAE-359CD07DB3AC}"
EndProject
Global
	GlobalSection(SolutionConfigurationPlatforms) = preSolution
		Debug|Any CPU = Debug|Any CPU
		Release|Any CPU = Release|Any CPU
	EndGlobalSection
	GlobalSection(ProjectConfigurationPlatforms) = postSolution
		{A1EE8A6A-8880-4B09-ADAE-359CD07DB3AC}.Debug|Any CPU.ActiveCfg = Debug|Any CPU
		{A1EE8A6A-8880-4B09-ADAE-359CD07DB3AC}.Debug|Any CPU.Build.0 = Debug|Any CPU
		{A1EE8A6A-8880-4B09-ADAE-359CD07DB3AC}.Release|Any CPU.ActiveCfg = Release|Any CPU
		{A1EE8A6A-8880-4B09-ADAE-359CD07DB3AC}.Release|Any CPU.Build.0 = Release|Any CPU
	EndGlobalSection
	GlobalSection(SolutionProperties) = preSolution
		HideSolutionNode = FALSE
	EndGlobalSection
	GlobalSection(ExtensibilityGlobals) = postSolution
		SolutionGuid = {C51C05B7-9A5A-4917-B181-59A9E4C29CF1}
	EndGlobalSection
EndGlobal
